
Microsoft Visual Studio Solution File, Format Version 12.00
# Visual Studio Version 17
VisualStudioVersion = 17.9.34616.47
MinimumVisualStudioVersion = 10.0.40219.1
Project("{FAE04EC0-301F-11D3-BF4B-00C04F79EFBC}") = "C1803", "C1803\C1803.csproj", "{231712CE-68E1-4A96-A9C7-5D8551822DE3}"
EndProject
Global
	GlobalSection(SolutionConfigurationPlatforms) = preSolution
		Debug|Any CPU = Debug|Any CPU
		Release|Any CPU = Release|Any CPU
	EndGlobalSection
	GlobalSection(ProjectConfigurationPlatforms) = postSolution
		{231712CE-68E1-4A96-A9C7-5D8551822DE3}.Debug|Any CPU.ActiveCfg = Debug|Any CPU
		{231712CE-68E1-4A96-A9C7-5D8551822DE3}.Debug|Any CPU.Build.0 = Debug|Any CPU
		{231712CE-68E1-4A96-A9C7-5D8551822DE3}.Release|Any CPU.ActiveCfg = Release|Any CPU
		{231712CE-68E1-4A96-A9C7-5D8551822DE3}.Release|Any CPU.Build.0 = Release|Any CPU
	EndGlobalSection
	GlobalSection(SolutionProperties) = preSolution
		HideSolutionNode = FALSE
	EndGlobalSection
	GlobalSection(ExtensibilityGlobals) = postSolution
		SolutionGuid = {255D64BA-0AF1-4C97-845B-FCF7F65AC880}
	EndGlobalSection
EndGlobal
